
Microsoft Visual Studio Solution File, Format Version 12.00
# Visual Studio Version 16
VisualStudioVersion = 16.0.29306.81
MinimumVisualStudioVersion = 10.0.40219.1
Project("{8BC9CEB8-8B4A-11D0-8D11-00A0C91BC942}") = "Matrix", "Matrix\Matrix.vcxproj", "{D10A6B01-9AAB-4360-91E0-EC7D592509E0}"
EndProject
Global
	GlobalSection(SolutionConfigurationPlatforms) = preSolution
		Debug|x64 = Debug|x64
		Debug|x86 = Debug|x86
		Release|x64 = Release|x64
		Release|x86 = Release|x86
	EndGlobalSection
	GlobalSection(ProjectConfigurationPlatforms) = postSolution
		{D10A6B01-9AAB-4360-91E0-EC7D592509E0}.Debug|x64.ActiveCfg = Debug|x64
		{D10A6B01-9AAB-4360-91E0-EC7D592509E0}.Debug|x64.Build.0 = Debug|x64
		{D10A6B01-9AAB-4360-91E0-EC7D592509E0}.Debug|x86.ActiveCfg = Debug|Win32
		{D10A6B01-9AAB-4360-91E0-EC7D592509E0}.Debug|x86.Build.0 = Debug|Win32
		{D10A6B01-9AAB-4360-91E0-EC7D592509E0}.Release|x64.ActiveCfg = Release|x64
		{D10A6B01-9AAB-4360-91E0-EC7D592509E0}.Release|x64.Build.0 = Release|x64
		{D10A6B01-9AAB-4360-91E0-EC7D592509E0}.Release|x86.ActiveCfg = Release|Win32
		{D10A6B01-9AAB-4360-91E0-EC7D592509E0}.Release|x86.Build.0 = Release|Win32
	EndGlobalSection
	GlobalSection(SolutionProperties) = preSolution
		HideSolutionNode = FALSE
	EndGlobalSection
	GlobalSection(ExtensibilityGlobals) = postSolution
		SolutionGuid = {206537B9-C554-4488-9B0E-8E0B16C4A740}
	EndGlobalSection
EndGlobal
